version = 1
requires-python = ">=3.13"

[[package]]
name = "pyqt6"
version = "6.8.1"
source = { registry = "https://mirrors.aliyun.com/pypi/simple/" }
dependencies = [
    { name = "pyqt6-qt6" },
    { name = "pyqt6-sip" },
]
sdist = { url = "https://mirrors.aliyun.com/pypi/packages/ce/bf/ff284a136b39cb1873c18e4fca4a40a8847c84a1910c5fb38c6a77868968/pyqt6-6.8.1.tar.gz", hash = "sha256:91d937d6166274fafd70f4dee11a8da6dbfdb0da53de05f5d62361ddf775e256" }
wheels = [
    { url = "https://mirrors.aliyun.com/pypi/packages/09/da/70971b3d7f53a68644ea32544d3786dfbbb162d18572ac1defcf5a6481d5/PyQt6-6.8.1-cp39-abi3-macosx_10_14_universal2.whl", hash = "sha256:0425f9eebdd5d4e57ab36424c9382f2ea06670c3c550fa0028c2b19bd0a1d7bd" },
    { url = "https://mirrors.aliyun.com/pypi/packages/be/25/a4392c323a0fb97eb5f449b7594f37e93d9794b900756b43cd65772def77/PyQt6-6.8.1-cp39-abi3-manylinux_2_28_x86_64.whl", hash = "sha256:36bf48e3df3a6ff536e703315d155480ef4e260396eb5469eb7a875bc5bb7ab4" },
    { url = "https://mirrors.aliyun.com/pypi/packages/de/a3/e528b4cc3394f2ae15b531c17f27b53de756a8c0404dfa9c184502367c48/PyQt6-6.8.1-cp39-abi3-manylinux_2_39_aarch64.whl", hash = "sha256:2eac2267a34828b8db7660dd3cc3b3b5fd76a92e61ad45471565b01221cb558b" },
    { url = "https://mirrors.aliyun.com/pypi/packages/f2/69/11404cfcb916bd7207805c21432ecab0401779361d48b67f28ae9337f70d/PyQt6-6.8.1-cp39-abi3-win_amd64.whl", hash = "sha256:70bad7b890a8f9e9e5fb9598c544b832d9d9d99a9519e0009cb29c1e15e96632" },
    { url = "https://mirrors.aliyun.com/pypi/packages/00/2a/21a555aea9bc8abc4f09017b922dbdf509c421f70506d4c83d2e8f4315b2/PyQt6-6.8.1-cp39-abi3-win_arm64.whl", hash = "sha256:a40f878e8e5eeeb0bba995152d07eeef9375ea0116df0f4aad0a6b97c8ad1175" },
]

[[package]]
name = "pyqt6-qt6"
version = "6.8.2"
source = { registry = "https://mirrors.aliyun.com/pypi/simple/" }
wheels = [
    { url = "https://mirrors.aliyun.com/pypi/packages/1e/a4/3d764e05955382b3dc7227cbfde090700edd63431147f1c66d428ccac45c/PyQt6_Qt6-6.8.2-py3-none-macosx_10_14_x86_64.whl", hash = "sha256:470dd4211fe5a67b0565e0202e7aa67816e5dcf7d713528b88327adaebd0934e" },
    { url = "https://mirrors.aliyun.com/pypi/packages/d6/b3/6d4f8257b46554fb2c89b33a6773a3f05ed961b3cd83828caee5dc79899f/PyQt6_Qt6-6.8.2-py3-none-macosx_11_0_arm64.whl", hash = "sha256:40cda901a3e1617e79225c354fe9d89b80249f0a6c6aaa18b40938e05bbf7d1f" },
    { url = "https://mirrors.aliyun.com/pypi/packages/92/95/0036435b9e2cbd22e08f14eec2362c32fc641660c6e4aea6f59d165cb5fc/PyQt6_Qt6-6.8.2-py3-none-manylinux_2_28_x86_64.whl", hash = "sha256:fb6d0acdd7d43c33fb8b9d2dd7922d381cdedd00da316049fbe01fc1973e6f05" },
    { url = "https://mirrors.aliyun.com/pypi/packages/6e/fb/c01dde044eca1542d88cac72fc99369af76a981cc2f52790236efa566e01/PyQt6_Qt6-6.8.2-py3-none-manylinux_2_39_aarch64.whl", hash = "sha256:5970c85d22cbe5c476418994549161b23ed938e25b04fc4ca8fabf6dcac7b03f" },
    { url = "https://mirrors.aliyun.com/pypi/packages/1a/f7/31f03a9f5e6c7cc23ceb2bd0d9c2df0518837f7af0e693e15b6e0881b8b0/PyQt6_Qt6-6.8.2-py3-none-win_amd64.whl", hash = "sha256:28e2bb641f05b01e498503c3ef01c8a919d6e0e96b50230301c0baac2b7d1433" },
    { url = "https://mirrors.aliyun.com/pypi/packages/00/c9/102c9537795ca11c12120ec9d5f554d9437787f52d8e23fbc8269e6a2699/PyQt6_Qt6-6.8.2-py3-none-win_arm64.whl", hash = "sha256:912afdddd0dfc666ce1c16bc4695e2acd680db72343e4f7a2b7c053a0146b4bc" },
]

[[package]]
name = "pyqt6-sip"
version = "13.10.0"
source = { registry = "https://mirrors.aliyun.com/pypi/simple/" }
sdist = { url = "https://mirrors.aliyun.com/pypi/packages/90/18/0405c54acba0c8e276dd6f0601890e6e735198218d031a6646104870fe22/pyqt6_sip-13.10.0.tar.gz", hash = "sha256:d6daa95a0bd315d9ec523b549e0ce97455f61ded65d5eafecd83ed2aa4ae5350" }
wheels = [
    { url = "https://mirrors.aliyun.com/pypi/packages/6b/0c/8d1de48b45b565a46bf4757341f13f9b1853a7d2e6b023700f0af2c213ab/PyQt6_sip-13.10.0-cp313-cp313-macosx_10_13_universal2.whl", hash = "sha256:7b6e250c2e7c14702a623f2cc1479d7fb8db2b6eee9697cac10d06fe79c281bb" },
    { url = "https://mirrors.aliyun.com/pypi/packages/af/13/e2cc2b667a9f5d44c2d0e18fa6e1066fca3f4521dcb301f4b5374caeb33e/PyQt6_sip-13.10.0-cp313-cp313-manylinux_2_17_aarch64.manylinux2014_aarch64.whl", hash = "sha256:0fcb30756568f8cd59290f9ef2ae5ee3e72ff9cdd61a6f80c9e3d3b95ae676be" },
    { url = "https://mirrors.aliyun.com/pypi/packages/20/1a/5c6fcae85edb65cf236c9dc6d23b279b5316e94cdca1abdee6d0a217ddbb/PyQt6_sip-13.10.0-cp313-cp313-manylinux_2_5_x86_64.manylinux1_x86_64.whl", hash = "sha256:757ac52c92b2ef0b56ecc7cd763b55a62d3c14271d7ea8d03315af85a70090ff" },
    { url = "https://mirrors.aliyun.com/pypi/packages/b9/db/6924ec985be7d746772806b96ab81d24263ef72f0249f0573a82adaed75e/PyQt6_sip-13.10.0-cp313-cp313-win_amd64.whl", hash = "sha256:571900c44a3e38738d696234d94fe2043972b9de0633505451c99e2922cb6a34" },
    { url = "https://mirrors.aliyun.com/pypi/packages/77/c3/9e44729b582ee7f1d45160e8c292723156889f3e38ce6574f88d5ab8fa02/PyQt6_sip-13.10.0-cp313-cp313-win_arm64.whl", hash = "sha256:39cba2cc71cf80a99b4dc8147b43508d4716e128f9fb99f5eb5860a37f082282" },
]

[[package]]
name = "qgis-plugin-tianditu"
version = "0.1.0"
source = { virtual = "." }
dependencies = [
    { name = "pyqt6" },
]

[package.metadata]
requires-dist = [{ name = "pyqt6", specifier = ">=6.8.1" }]
